
Microsoft Visual Studio Solution File, Format Version 12.00
# Visual Studio Version 17
VisualStudioVersion = 17.9.34723.18
MinimumVisualStudioVersion = 10.0.40219.1
Project("{FAE04EC0-301F-11D3-BF4B-00C04F79EFBC}") = "DateTimeKindPadraoIso8601", "DateTimeKindPadraoIso8601\DateTimeKindPadraoIso8601.csproj", "{E7684A85-AFE8-43F6-BED9-A0D6645F1B81}"
EndProject
Global
	GlobalSection(SolutionConfigurationPlatforms) = preSolution
		Debug|Any CPU = Debug|Any CPU
		Release|Any CPU = Release|Any CPU
	EndGlobalSection
	GlobalSection(ProjectConfigurationPlatforms) = postSolution
		{E7684A85-AFE8-43F6-BED9-A0D6645F1B81}.Debug|Any CPU.ActiveCfg = Debug|Any CPU
		{E7684A85-AFE8-43F6-BED9-A0D6645F1B81}.Debug|Any CPU.Build.0 = Debug|Any CPU
		{E7684A85-AFE8-43F6-BED9-A0D6645F1B81}.Release|Any CPU.ActiveCfg = Release|Any CPU
		{E7684A85-AFE8-43F6-BED9-A0D6645F1B81}.Release|Any CPU.Build.0 = Release|Any CPU
	EndGlobalSection
	GlobalSection(SolutionProperties) = preSolution
		HideSolutionNode = FALSE
	EndGlobalSection
	GlobalSection(ExtensibilityGlobals) = postSolution
		SolutionGuid = {030AD843-3C70-486B-869E-083E6AEE7E3F}
	EndGlobalSection
EndGlobal
